
Microsoft Visual Studio Solution File, Format Version 12.00
# Visual Studio Version 17
VisualStudioVersion = 17.0.31903.59
MinimumVisualStudioVersion = 10.0.40219.1
Project("{2150E333-8FDC-42A3-9474-1A3956D46DE8}") = "backend", "backend", "{F4D21C96-7231-4B2D-A33E-EEB146B772F6}"
EndProject
Project("{FAE04EC0-301F-11D3-BF4B-00C04F79EFBC}") = "volunteer", "backend\volunteer\volunteer.csproj", "{03473E25-D540-472A-AD93-DCC486680357}"
EndProject
Global
	GlobalSection(SolutionConfigurationPlatforms) = preSolution
		Debug|Any CPU = Debug|Any CPU
		Release|Any CPU = Release|Any CPU
	EndGlobalSection
	GlobalSection(SolutionProperties) = preSolution
		HideSolutionNode = FALSE
	EndGlobalSection
	GlobalSection(ProjectConfigurationPlatforms) = postSolution
		{03473E25-D540-472A-AD93-DCC486680357}.Debug|Any CPU.ActiveCfg = Debug|Any CPU
		{03473E25-D540-472A-AD93-DCC486680357}.Debug|Any CPU.Build.0 = Debug|Any CPU
		{03473E25-D540-472A-AD93-DCC486680357}.Release|Any CPU.ActiveCfg = Release|Any CPU
		{03473E25-D540-472A-AD93-DCC486680357}.Release|Any CPU.Build.0 = Release|Any CPU
	EndGlobalSection
	GlobalSection(NestedProjects) = preSolution
		{03473E25-D540-472A-AD93-DCC486680357} = {F4D21C96-7231-4B2D-A33E-EEB146B772F6}
	EndGlobalSection
EndGlobal
